
Microsoft Visual Studio Solution File, Format Version 12.00
# Visual Studio 15
VisualStudioVersion = 15.0.28307.779
MinimumVisualStudioVersion = 10.0.40219.1
Project("{FAE04EC0-301F-11D3-BF4B-00C04F79EFBC}") = "POSStore", "POSStore\POSStore.csproj", "{9099E8E8-4462-4C87-812B-810A3DA2A3D6}"
EndProject
Global
	GlobalSection(SolutionConfigurationPlatforms) = preSolution
		Debug|Any CPU = Debug|Any CPU
		Release|Any CPU = Release|Any CPU
	EndGlobalSection
	GlobalSection(ProjectConfigurationPlatforms) = postSolution
		{9099E8E8-4462-4C87-812B-810A3DA2A3D6}.Debug|Any CPU.ActiveCfg = Debug|Any CPU
		{9099E8E8-4462-4C87-812B-810A3DA2A3D6}.Debug|Any CPU.Build.0 = Debug|Any CPU
		{9099E8E8-4462-4C87-812B-810A3DA2A3D6}.Release|Any CPU.ActiveCfg = Release|Any CPU
		{9099E8E8-4462-4C87-812B-810A3DA2A3D6}.Release|Any CPU.Build.0 = Release|Any CPU
	EndGlobalSection
	GlobalSection(SolutionProperties) = preSolution
		HideSolutionNode = FALSE
	EndGlobalSection
	GlobalSection(ExtensibilityGlobals) = postSolution
		SolutionGuid = {B599E34F-DEC5-47FA-BBF3-624C03D90331}
	EndGlobalSection
EndGlobal
